
Microsoft Visual Studio Solution File, Format Version 12.00
# Visual Studio Version 16
VisualStudioVersion = 16.0.31025.194
MinimumVisualStudioVersion = 10.0.40219.1
Project("{FAE04EC0-301F-11D3-BF4B-00C04F79EFBC}") = "WebApplication32", "WebApplication32\WebApplication32.csproj", "{9D930797-BDCE-4091-8162-E2E5427B39A1}"
EndProject
Project("{FAE04EC0-301F-11D3-BF4B-00C04F79EFBC}") = "ConsoleConsumerApp", "ConsoleConsumerApp\ConsoleConsumerApp.csproj", "{287FD88D-09EA-4E52-8A9A-002BAAB0F967}"
EndProject
Global
	GlobalSection(SolutionConfigurationPlatforms) = preSolution
		Debug|Any CPU = Debug|Any CPU
		Release|Any CPU = Release|Any CPU
	EndGlobalSection
	GlobalSection(ProjectConfigurationPlatforms) = postSolution
		{9D930797-BDCE-4091-8162-E2E5427B39A1}.Debug|Any CPU.ActiveCfg = Debug|Any CPU
		{9D930797-BDCE-4091-8162-E2E5427B39A1}.Debug|Any CPU.Build.0 = Debug|Any CPU
		{9D930797-BDCE-4091-8162-E2E5427B39A1}.Release|Any CPU.ActiveCfg = Release|Any CPU
		{9D930797-BDCE-4091-8162-E2E5427B39A1}.Release|Any CPU.Build.0 = Release|Any CPU
		{287FD88D-09EA-4E52-8A9A-002BAAB0F967}.Debug|Any CPU.ActiveCfg = Debug|Any CPU
		{287FD88D-09EA-4E52-8A9A-002BAAB0F967}.Debug|Any CPU.Build.0 = Debug|Any CPU
		{287FD88D-09EA-4E52-8A9A-002BAAB0F967}.Release|Any CPU.ActiveCfg = Release|Any CPU
		{287FD88D-09EA-4E52-8A9A-002BAAB0F967}.Release|Any CPU.Build.0 = Release|Any CPU
	EndGlobalSection
	GlobalSection(SolutionProperties) = preSolution
		HideSolutionNode = FALSE
	EndGlobalSection
	GlobalSection(ExtensibilityGlobals) = postSolution
		SolutionGuid = {BB3EAB3F-B4E8-4396-9B24-F72180432545}
	EndGlobalSection
EndGlobal
